{
  "name": "package2",
  "version": "1.0.0",
  "lockfileVersion": 2,
  "requires": true,
  "packages": {
    "": {
      "name": "package2",
      "version": "1.0.0",
      "license": "ISC",
      "dependencies": {
        "package1": "1.0.0"
      }
    },
    "../package1": {
      "version": "1.0.0",
      "license": "ISC",
      "devDependencies": {
        "@types/node": "^16.9.6"
      }
    },
    "node_modules/package1": {
      "resolved": "../package1",
      "link": true
    }
  },
  "dependencies": {
    "package1": {
      "version": "file:../package1",
      "requires": {
        "@types/node": "^16.9.6"
      }
    }
  }
}
